// !$*UTF8*$!
{
	archiveVersion = 1;
	classes = {
	};
	objectVersion = 77;
	objects = {

/* Begin PBXBuildFile section */
		00E055512F70B1FF00A0FDEE /* WidgetKit.framework in Frameworks */ = {isa = PBXBuildFile; fileRef = 00E055502F70B1FF00A0FDEE /* WidgetKit.framework */; };
		00E055532F70B1FF00A0FDEE /* SwiftUI.framework in Frameworks */ = {isa = PBXBuildFile; fileRef = 00E055522F70B1FF00A0FDEE /* SwiftUI.framework */; };
		00E055642F70B20100A0FDEE /* Gen​Stat​WidgetExtension.appex in Embed Foundation Extensions */ = {isa = PBXBuildFile; fileRef = 00E0554E2F70B1FF00A0FDEE /* Gen​Stat​WidgetExtension.appex */; settings = {ATTRIBUTES = (RemoveHeadersOnCopy, ); }; };
/* End PBXBuildFile section */

/* Begin PBXContainerItemProxy section */
		0011CAF92F6EFB760043D99A /* PBXContainerItemProxy */ = {
			isa = PBXContainerItemProxy;
			containerPortal = 007EFCA42F6DEC640001C47F /* Project object */;
			proxyType = 1;
			remoteGlobalIDString = 007EFCAB2F6DEC640001C47F;
			remoteInfo = GenStat;
		};
		00E055622F70B20100A0FDEE /* PBXContainerItemProxy */ = {
			isa = PBXContainerItemProxy;
			containerPortal = 007EFCA42F6DEC640001C47F /* Project object */;
			proxyType = 1;
			remoteGlobalIDString = 00E0554D2F70B1FF00A0FDEE;
			remoteInfo = "Gen​Stat​WidgetExtension";
		};
/* End PBXContainerItemProxy section */

/* Begin PBXCopyFilesBuildPhase section */
		00E055652F70B20100A0FDEE /* Embed Foundation Extensions */ = {
			isa = PBXCopyFilesBuildPhase;
			buildActionMask = 2147483647;
			dstPath = "";
			dstSubfolderSpec = 13;
			files = (
				00E055642F70B20100A0FDEE /* Gen​Stat​WidgetExtension.appex in Embed Foundation Extensions */,
			);
			name = "Embed Foundation Extensions";
			runOnlyForDeploymentPostprocessing = 0;
		};
/* End PBXCopyFilesBuildPhase section */

/* Begin PBXFileReference section */
		000F7EFB2F6EDBF50006C2E1 /* Secrets.xcconfig */ = {isa = PBXFileReference; lastKnownFileType = text.xcconfig; path = Secrets.xcconfig; sourceTree = "<group>"; };
		000F7EFE2F6EE4950006C2E1 /* Info.plist */ = {isa = PBXFileReference; lastKnownFileType = text.plist.xml; path = Info.plist; sourceTree = "<group>"; };
		0011CAF02F6EE6DC0043D99A /* Secrets.xcconfig.template */ = {isa = PBXFileReference; lastKnownFileType = text; path = Secrets.xcconfig.template; sourceTree = "<group>"; };
		0011CAF52F6EFB750043D99A /* GenStatTests.xctest */ = {isa = PBXFileReference; explicitFileType = wrapper.cfbundle; includeInIndex = 0; path = GenStatTests.xctest; sourceTree = BUILT_PRODUCTS_DIR; };
		007EFCAC2F6DEC640001C47F /* GenStat.app */ = {isa = PBXFileReference; explicitFileType = wrapper.application; includeInIndex = 0; path = GenStat.app; sourceTree = BUILT_PRODUCTS_DIR; };
		00E0554E2F70B1FF00A0FDEE /* Gen​Stat​WidgetExtension.appex */ = {isa = PBXFileReference; explicitFileType = "wrapper.app-extension"; includeInIndex = 0; path = "Gen​Stat​WidgetExtension.appex"; sourceTree = BUILT_PRODUCTS_DIR; };
		00E055502F70B1FF00A0FDEE /* WidgetKit.framework */ = {isa = PBXFileReference; lastKnownFileType = wrapper.framework; name = WidgetKit.framework; path = System/Library/Frameworks/WidgetKit.framework; sourceTree = SDKROOT; };
		00E055522F70B1FF00A0FDEE /* SwiftUI.framework */ = {isa = PBXFileReference; lastKnownFileType = wrapper.framework; name = SwiftUI.framework; path = System/Library/Frameworks/SwiftUI.framework; sourceTree = SDKROOT; };
/* End PBXFileReference section */

/* Begin PBXFileSystemSynchronizedBuildFileExceptionSet section */
		00E055682F70B20100A0FDEE /* Exceptions for "Gen​Stat​Widget" folder in "Gen​Stat​WidgetExtension" target */ = {
			isa = PBXFileSystemSynchronizedBuildFileExceptionSet;
			membershipExceptions = (
				Info.plist,
			);
			target = 00E0554D2F70B1FF00A0FDEE /* Gen​Stat​WidgetExtension */;
		};
/* End PBXFileSystemSynchronizedBuildFileExceptionSet section */

/* Begin PBXFileSystemSynchronizedRootGroup section */
		0011CAF62F6EFB760043D99A /* GenStatTests */ = {
			isa = PBXFileSystemSynchronizedRootGroup;
			path = GenStatTests;
			sourceTree = "<group>";
		};
		007EFCAE2F6DEC640001C47F /* GenStat */ = {
			isa = PBXFileSystemSynchronizedRootGroup;
			path = GenStat;
			sourceTree = "<group>";
		};
		00E055542F70B1FF00A0FDEE /* Gen​Stat​Widget */ = {
			isa = PBXFileSystemSynchronizedRootGroup;
			exceptions = (
				00E055682F70B20100A0FDEE /* Exceptions for "Gen​Stat​Widget" folder in "Gen​Stat​WidgetExtension" target */,
			);
			path = "Gen​Stat​Widget";
			sourceTree = "<group>";
		};
/* End PBXFileSystemSynchronizedRootGroup section */

/* Begin PBXFrameworksBuildPhase section */
		0011CAF22F6EFB750043D99A /* Frameworks */ = {
			isa = PBXFrameworksBuildPhase;
			buildActionMask = 2147483647;
			files = (
			);
			runOnlyForDeploymentPostprocessing = 0;
		};
		007EFCA92F6DEC640001C47F /* Frameworks */ = {
			isa = PBXFrameworksBuildPhase;
			buildActionMask = 2147483647;
			files = (
			);
			runOnlyForDeploymentPostprocessing = 0;
		};
		00E0554B2F70B1FF00A0FDEE /* Frameworks */ = {
			isa = PBXFrameworksBuildPhase;
			buildActionMask = 2147483647;
			files = (
				00E055532F70B1FF00A0FDEE /* SwiftUI.framework in Frameworks */,
				00E055512F70B1FF00A0FDEE /* WidgetKit.framework in Frameworks */,
			);
			runOnlyForDeploymentPostprocessing = 0;
		};
/* End PBXFrameworksBuildPhase section */

/* Begin PBXGroup section */
		007EFCA32F6DEC640001C47F = {
			isa = PBXGroup;
			children = (
				000F7EFE2F6EE4950006C2E1 /* Info.plist */,
				000F7EFB2F6EDBF50006C2E1 /* Secrets.xcconfig */,
				007EFCAE2F6DEC640001C47F /* GenStat */,
				0011CAF62F6EFB760043D99A /* GenStatTests */,
				00E055542F70B1FF00A0FDEE /* Gen​Stat​Widget */,
				00E0554F2F70B1FF00A0FDEE /* Frameworks */,
				007EFCAD2F6DEC640001C47F /* Products */,
				0011CAF02F6EE6DC0043D99A /* Secrets.xcconfig.template */,
			);
			sourceTree = "<group>";
		};
		007EFCAD2F6DEC640001C47F /* Products */ = {
			isa = PBXGroup;
			children = (
				007EFCAC2F6DEC640001C47F /* GenStat.app */,
				0011CAF52F6EFB750043D99A /* GenStatTests.xctest */,
				00E0554E2F70B1FF00A0FDEE /* Gen​Stat​WidgetExtension.appex */,
			);
			name = Products;
			sourceTree = "<group>";
		};
		00E0554F2F70B1FF00A0FDEE /* Frameworks */ = {
			isa = PBXGroup;
			children = (
				00E055502F70B1FF00A0FDEE /* WidgetKit.framework */,
				00E055522F70B1FF00A0FDEE /* SwiftUI.framework */,
			);
			name = Frameworks;
			sourceTree = "<group>";
		};
/* End PBXGroup section */

/* Begin PBXNativeTarget section */
		0011CAF42F6EFB750043D99A /* GenStatTests */ = {
			isa = PBXNativeTarget;
			buildConfigurationList = 0011CAFB2F6EFB760043D99A /* Build configuration list for PBXNativeTarget "GenStatTests" */;
			buildPhases = (
				0011CAF12F6EFB750043D99A /* Sources */,
				0011CAF22F6EFB750043D99A /* Frameworks */,
				0011CAF32F6EFB750043D99A /* Resources */,
			);
			buildRules = (
			);
			dependencies = (
				0011CAFA2F6EFB760043D99A /* PBXTargetDependency */,
			);
			fileSystemSynchronizedGroups = (
				0011CAF62F6EFB760043D99A /* GenStatTests */,
			);
			name = GenStatTests;
			packageProductDependencies = (
			);
			productName = GenStatTests;
			productReference = 0011CAF52F6EFB750043D99A /* GenStatTests.xctest */;
			productType = "com.apple.product-type.bundle.unit-test";
		};
		007EFCAB2F6DEC640001C47F /* GenStat */ = {
			isa = PBXNativeTarget;
			buildConfigurationList = 007EFCB72F6DEC670001C47F /* Build configuration list for PBXNativeTarget "GenStat" */;
			buildPhases = (
				007EFCA82F6DEC640001C47F /* Sources */,
				007EFCA92F6DEC640001C47F /* Frameworks */,
				007EFCAA2F6DEC640001C47F /* Resources */,
				00E055652F70B20100A0FDEE /* Embed Foundation Extensions */,
			);
			buildRules = (
			);
			dependencies = (
				00E055632F70B20100A0FDEE /* PBXTargetDependency */,
			);
			fileSystemSynchronizedGroups = (
				007EFCAE2F6DEC640001C47F /* GenStat */,
			);
			name = GenStat;
			packageProductDependencies = (
			);
			productName = GenStat;
			productReference = 007EFCAC2F6DEC640001C47F /* GenStat.app */;
			productType = "com.apple.product-type.application";
		};
		00E0554D2F70B1FF00A0FDEE /* Gen​Stat​WidgetExtension */ = {
			isa = PBXNativeTarget;
			buildConfigurationList = 00E055692F70B20100A0FDEE /* Build configuration list for PBXNativeTarget "Gen​Stat​WidgetExtension" */;
			buildPhases = (
				00E0554A2F70B1FF00A0FDEE /* Sources */,
				00E0554B2F70B1FF00A0FDEE /* Frameworks */,
				00E0554C2F70B1FF00A0FDEE /* Resources */,
			);
			buildRules = (
			);
			dependencies = (
			);
			fileSystemSynchronizedGroups = (
				00E055542F70B1FF00A0FDEE /* Gen​Stat​Widget */,
			);
			name = "Gen​Stat​WidgetExtension";
			packageProductDependencies = (
			);
			productName = "Gen​Stat​WidgetExtension";
			productReference = 00E0554E2F70B1FF00A0FDEE /* Gen​Stat​WidgetExtension.appex */;
			productType = "com.apple.product-type.app-extension";
		};
/* End PBXNativeTarget section */

/* Begin PBXProject section */
		007EFCA42F6DEC640001C47F /* Project object */ = {
			isa = PBXProject;
			attributes = {
				BuildIndependentTargetsInParallel = 1;
				LastSwiftUpdateCheck = 2630;
				LastUpgradeCheck = 2630;
				TargetAttributes = {
					0011CAF42F6EFB750043D99A = {
						CreatedOnToolsVersion = 26.3;
						TestTargetID = 007EFCAB2F6DEC640001C47F;
					};
					007EFCAB2F6DEC640001C47F = {
						CreatedOnToolsVersion = 26.3;
					};
					00E0554D2F70B1FF00A0FDEE = {
						CreatedOnToolsVersion = 26.3;
					};
				};
			};
			buildConfigurationList = 007EFCA72F6DEC640001C47F /* Build configuration list for PBXProject "GenStat" */;
			developmentRegion = en;
			hasScannedForEncodings = 0;
			knownRegions = (
				en,
				Base,
			);
			mainGroup = 007EFCA32F6DEC640001C47F;
			minimizedProjectReferenceProxies = 1;
			preferredProjectObjectVersion = 77;
			productRefGroup = 007EFCAD2F6DEC640001C47F /* Products */;
			projectDirPath = "";
			projectRoot = "";
			targets = (
				007EFCAB2F6DEC640001C47F /* GenStat */,
				0011CAF42F6EFB750043D99A /* GenStatTests */,
				00E0554D2F70B1FF00A0FDEE /* Gen​Stat​WidgetExtension */,
			);
		};
/* End PBXProject section */

/* Begin PBXResourcesBuildPhase section */
		0011CAF32F6EFB750043D99A /* Resources */ = {
			isa = PBXResourcesBuildPhase;
			buildActionMask = 2147483647;
			files = (
			);
			runOnlyForDeploymentPostprocessing = 0;
		};
		007EFCAA2F6DEC640001C47F /* Resources */ = {
			isa = PBXResourcesBuildPhase;
			buildActionMask = 2147483647;
			files = (
			);
			runOnlyForDeploymentPostprocessing = 0;
		};
		00E0554C2F70B1FF00A0FDEE /* Resources */ = {
			isa = PBXResourcesBuildPhase;
			buildActionMask = 2147483647;
			files = (
			);
			runOnlyForDeploymentPostprocessing = 0;
		};
/* End PBXResourcesBuildPhase section */

/* Begin PBXSourcesBuildPhase section */
		0011CAF12F6EFB750043D99A /* Sources */ = {
			isa = PBXSourcesBuildPhase;
			buildActionMask = 2147483647;
			files = (
			);
			runOnlyForDeploymentPostprocessing = 0;
		};
		007EFCA82F6DEC640001C47F /* Sources */ = {
			isa = PBXSourcesBuildPhase;
			buildActionMask = 2147483647;
			files = (
			);
			runOnlyForDeploymentPostprocessing = 0;
		};
		00E0554A2F70B1FF00A0FDEE /* Sources */ = {
			isa = PBXSourcesBuildPhase;
			buildActionMask = 2147483647;
			files = (
			);
			runOnlyForDeploymentPostprocessing = 0;
		};
/* End PBXSourcesBuildPhase section */

/* Begin PBXTargetDependency section */
		0011CAFA2F6EFB760043D99A /* PBXTargetDependency */ = {
			isa = PBXTargetDependency;
			target = 007EFCAB2F6DEC640001C47F /* GenStat */;
			targetProxy = 0011CAF92F6EFB760043D99A /* PBXContainerItemProxy */;
		};
		00E055632F70B20100A0FDEE /* PBXTargetDependency */ = {
			isa = PBXTargetDependency;
			target = 00E0554D2F70B1FF00A0FDEE /* Gen​Stat​WidgetExtension */;
			targetProxy = 00E055622F70B20100A0FDEE /* PBXContainerItemProxy */;
		};
/* End PBXTargetDependency section */

/* Begin XCBuildConfiguration section */
		0011CAFC2F6EFB760043D99A /* Debug */ = {
			isa = XCBuildConfiguration;
			buildSettings = {
				BUNDLE_LOADER = "$(TEST_HOST)";
				CODE_SIGN_IDENTITY = "Apple Development";
				CODE_SIGN_STYLE = Automatic;
				CURRENT_PROJECT_VERSION = 1;
				DEVELOPMENT_TEAM = 4MUC8K263B;
				GENERATE_INFOPLIST_FILE = YES;
				MARKETING_VERSION = 1.0;
				PRODUCT_BUNDLE_IDENTIFIER = studio.offbyone.GenStatTests;
				PRODUCT_NAME = "$(TARGET_NAME)";
				PROVISIONING_PROFILE_SPECIFIER = "";
				STRING_CATALOG_GENERATE_SYMBOLS = NO;
				SWIFT_APPROACHABLE_CONCURRENCY = YES;
				SWIFT_EMIT_LOC_STRINGS = NO;
				SWIFT_UPCOMING_FEATURE_MEMBER_IMPORT_VISIBILITY = YES;
				SWIFT_VERSION = 5.0;
				TARGETED_DEVICE_FAMILY = "1,2";
				TEST_HOST = "$(BUILT_PRODUCTS_DIR)/GenStat.app/$(BUNDLE_EXECUTABLE_FOLDER_PATH)/GenStat";
			};
			name = Debug;
		};
		0011CAFD2F6EFB760043D99A /* Release */ = {
			isa = XCBuildConfiguration;
			buildSettings = {
				BUNDLE_LOADER = "$(TEST_HOST)";
				CODE_SIGN_IDENTITY = "Apple Development";
				CODE_SIGN_STYLE = Automatic;
				CURRENT_PROJECT_VERSION = 1;
				DEVELOPMENT_TEAM = 4MUC8K263B;
				GENERATE_INFOPLIST_FILE = YES;
				MARKETING_VERSION = 1.0;
				PRODUCT_BUNDLE_IDENTIFIER = studio.offbyone.GenStatTests;
				PRODUCT_NAME = "$(TARGET_NAME)";
				PROVISIONING_PROFILE_SPECIFIER = "";
				STRING_CATALOG_GENERATE_SYMBOLS = NO;
				SWIFT_APPROACHABLE_CONCURRENCY = YES;
				SWIFT_EMIT_LOC_STRINGS = NO;
				SWIFT_UPCOMING_FEATURE_MEMBER_IMPORT_VISIBILITY = YES;
				SWIFT_VERSION = 5.0;
				TARGETED_DEVICE_FAMILY = "1,2";
				TEST_HOST = "$(BUILT_PRODUCTS_DIR)/GenStat.app/$(BUNDLE_EXECUTABLE_FOLDER_PATH)/GenStat";
			};
			name = Release;
		};
		007EFCB52F6DEC670001C47F /* Debug */ = {
			isa = XCBuildConfiguration;
			baseConfigurationReference = 000F7EFB2F6EDBF50006C2E1 /* Secrets.xcconfig */;
			buildSettings = {
				ALWAYS_SEARCH_USER_PATHS = NO;
				ASSETCATALOG_COMPILER_GENERATE_SWIFT_ASSET_SYMBOL_EXTENSIONS = YES;
				CLANG_ANALYZER_NONNULL = YES;
				CLANG_ANALYZER_NUMBER_OBJECT_CONVERSION = YES_AGGRESSIVE;
				CLANG_CXX_LANGUAGE_STANDARD = "gnu++20";
				CLANG_ENABLE_MODULES = YES;
				CLANG_ENABLE_OBJC_ARC = YES;
				CLANG_ENABLE_OBJC_WEAK = YES;
				CLANG_WARN_BLOCK_CAPTURE_AUTORELEASING = YES;
				CLANG_WARN_BOOL_CONVERSION = YES;
				CLANG_WARN_COMMA = YES;
				CLANG_WARN_CONSTANT_CONVERSION = YES;
				CLANG_WARN_DEPRECATED_OBJC_IMPLEMENTATIONS = YES;
				CLANG_WARN_DIRECT_OBJC_ISA_USAGE = YES_ERROR;
				CLANG_WARN_DOCUMENTATION_COMMENTS = YES;
				CLANG_WARN_EMPTY_BODY = YES;
				CLANG_WARN_ENUM_CONVERSION = YES;
				CLANG_WARN_INFINITE_RECURSION = YES;
				CLANG_WARN_INT_CONVERSION = YES;
				CLANG_WARN_NON_LITERAL_NULL_CONVERSION = YES;
				CLANG_WARN_OBJC_IMPLICIT_RETAIN_SELF = YES;
				CLANG_WARN_OBJC_LITERAL_CONVERSION = YES;
				CLANG_WARN_OBJC_ROOT_CLASS = YES_ERROR;
				CLANG_WARN_QUOTED_INCLUDE_IN_FRAMEWORK_HEADER = YES;
				CLANG_WARN_RANGE_LOOP_ANALYSIS = YES;
				CLANG_WARN_STRICT_PROTOTYPES = YES;
				CLANG_WARN_SUSPICIOUS_MOVE = YES;
				CLANG_WARN_UNGUARDED_AVAILABILITY = YES_AGGRESSIVE;
				CLANG_WARN_UNREACHABLE_CODE = YES;
				CLANG_WARN__DUPLICATE_METHOD_MATCH = YES;
				COPY_PHASE_STRIP = NO;
				DEBUG_INFORMATION_FORMAT = dwarf;
				DEVELOPMENT_TEAM = 4MUC8K263B;
				ENABLE_STRICT_OBJC_MSGSEND = YES;
				ENABLE_TESTABILITY = YES;
				ENABLE_USER_SCRIPT_SANDBOXING = YES;
				GCC_C_LANGUAGE_STANDARD = gnu17;
				GCC_DYNAMIC_NO_PIC = NO;
				GCC_NO_COMMON_BLOCKS = YES;
				GCC_OPTIMIZATION_LEVEL = 0;
				GCC_PREPROCESSOR_DEFINITIONS = (
					"DEBUG=1",
					"$(inherited)",
				);
				GCC_WARN_64_TO_32_BIT_CONVERSION = YES;
				GCC_WARN_ABOUT_RETURN_TYPE = YES_ERROR;
				GCC_WARN_UNDECLARED_SELECTOR = YES;
				GCC_WARN_UNINITIALIZED_AUTOS = YES_AGGRESSIVE;
				GCC_WARN_UNUSED_FUNCTION = YES;
				GCC_WARN_UNUSED_VARIABLE = YES;
				IPHONEOS_DEPLOYMENT_TARGET = 26.2;
				LOCALIZATION_PREFERS_STRING_CATALOGS = YES;
				MTL_ENABLE_DEBUG_INFO = INCLUDE_SOURCE;
				MTL_FAST_MATH = YES;
				ONLY_ACTIVE_ARCH = YES;
				SDKROOT = iphoneos;
				SWIFT_ACTIVE_COMPILATION_CONDITIONS = "DEBUG $(inherited)";
				SWIFT_OPTIMIZATION_LEVEL = "-Onone";
			};
			name = Debug;
		};
		007EFCB62F6DEC670001C47F /* Release */ = {
			isa = XCBuildConfiguration;
			baseConfigurationReference = 000F7EFB2F6EDBF50006C2E1 /* Secrets.xcconfig */;
			buildSettings = {
				ALWAYS_SEARCH_USER_PATHS = NO;
				ASSETCATALOG_COMPILER_GENERATE_SWIFT_ASSET_SYMBOL_EXTENSIONS = YES;
				CLANG_ANALYZER_NONNULL = YES;
				CLANG_ANALYZER_NUMBER_OBJECT_CONVERSION = YES_AGGRESSIVE;
				CLANG_CXX_LANGUAGE_STANDARD = "gnu++20";
				CLANG_ENABLE_MODULES = YES;
				CLANG_ENABLE_OBJC_ARC = YES;
				CLANG_ENABLE_OBJC_WEAK = YES;
				CLANG_WARN_BLOCK_CAPTURE_AUTORELEASING = YES;
				CLANG_WARN_BOOL_CONVERSION = YES;
				CLANG_WARN_COMMA = YES;
				CLANG_WARN_CONSTANT_CONVERSION = YES;
				CLANG_WARN_DEPRECATED_OBJC_IMPLEMENTATIONS = YES;
				CLANG_WARN_DIRECT_OBJC_ISA_USAGE = YES_ERROR;
				CLANG_WARN_DOCUMENTATION_COMMENTS = YES;
				CLANG_WARN_EMPTY_BODY = YES;
				CLANG_WARN_ENUM_CONVERSION = YES;
				CLANG_WARN_INFINITE_RECURSION = YES;
				CLANG_WARN_INT_CONVERSION = YES;
				CLANG_WARN_NON_LITERAL_NULL_CONVERSION = YES;
				CLANG_WARN_OBJC_IMPLICIT_RETAIN_SELF = YES;
				CLANG_WARN_OBJC_LITERAL_CONVERSION = YES;
				CLANG_WARN_OBJC_ROOT_CLASS = YES_ERROR;
				CLANG_WARN_QUOTED_INCLUDE_IN_FRAMEWORK_HEADER = YES;
				CLANG_WARN_RANGE_LOOP_ANALYSIS = YES;
				CLANG_WARN_STRICT_PROTOTYPES = YES;
				CLANG_WARN_SUSPICIOUS_MOVE = YES;
				CLANG_WARN_UNGUARDED_AVAILABILITY = YES_AGGRESSIVE;
				CLANG_WARN_UNREACHABLE_CODE = YES;
				CLANG_WARN__DUPLICATE_METHOD_MATCH = YES;
				COPY_PHASE_STRIP = NO;
				DEBUG_INFORMATION_FORMAT = "dwarf-with-dsym";
				DEVELOPMENT_TEAM = 4MUC8K263B;
				ENABLE_NS_ASSERTIONS = NO;
				ENABLE_STRICT_OBJC_MSGSEND = YES;
				ENABLE_USER_SCRIPT_SANDBOXING = YES;
				GCC_C_LANGUAGE_STANDARD = gnu17;
				GCC_NO_COMMON_BLOCKS = YES;
				GCC_WARN_64_TO_32_BIT_CONVERSION = YES;
				GCC_WARN_ABOUT_RETURN_TYPE = YES_ERROR;
				GCC_WARN_UNDECLARED_SELECTOR = YES;
				GCC_WARN_UNINITIALIZED_AUTOS = YES_AGGRESSIVE;
				GCC_WARN_UNUSED_FUNCTION = YES;
				GCC_WARN_UNUSED_VARIABLE = YES;
				IPHONEOS_DEPLOYMENT_TARGET = 26.2;
				LOCALIZATION_PREFERS_STRING_CATALOGS = YES;
				MTL_ENABLE_DEBUG_INFO = NO;
				MTL_FAST_MATH = YES;
				SDKROOT = iphoneos;
				SWIFT_COMPILATION_MODE = wholemodule;
				VALIDATE_PRODUCT = YES;
			};
			name = Release;
		};
		007EFCB82F6DEC670001C47F /* Debug */ = {
			isa = XCBuildConfiguration;
			baseConfigurationReference = 000F7EFB2F6EDBF50006C2E1 /* Secrets.xcconfig */;
			buildSettings = {
				ASSETCATALOG_COMPILER_APPICON_NAME = AppIcon;
				ASSETCATALOG_COMPILER_GLOBAL_ACCENT_COLOR_NAME = AccentColor;
				CODE_SIGN_ENTITLEMENTS = GenStat/GenStat.entitlements;
				CODE_SIGN_IDENTITY = "Apple Development";
				CODE_SIGN_STYLE = Automatic;
				CURRENT_PROJECT_VERSION = 1;
				DEVELOPMENT_TEAM = 4MUC8K263B;
				ENABLE_PREVIEWS = YES;
				GENERATE_INFOPLIST_FILE = YES;
				INFOPLIST_FILE = Info.plist;
				INFOPLIST_KEY_UIApplicationSceneManifest_Generation = YES;
				INFOPLIST_KEY_UIApplicationSupportsIndirectInputEvents = YES;
				INFOPLIST_KEY_UILaunchScreen_Generation = YES;
				INFOPLIST_KEY_UISupportedInterfaceOrientations_iPad = "UIInterfaceOrientationPortrait UIInterfaceOrientationPortraitUpsideDown UIInterfaceOrientationLandscapeLeft UIInterfaceOrientationLandscapeRight";
				INFOPLIST_KEY_UISupportedInterfaceOrientations_iPhone = "UIInterfaceOrientationPortrait UIInterfaceOrientationLandscapeLeft UIInterfaceOrientationLandscapeRight";
				LD_RUNPATH_SEARCH_PATHS = (
					"$(inherited)",
					"@executable_path/Frameworks",
				);
				MARKETING_VERSION = 0.1.2;
				PRODUCT_BUNDLE_IDENTIFIER = studio.offbyone.KohlerStat;
				PRODUCT_NAME = "$(TARGET_NAME)";
				PROVISIONING_PROFILE_SPECIFIER = "";
				STRING_CATALOG_GENERATE_SYMBOLS = YES;
				SWIFT_APPROACHABLE_CONCURRENCY = YES;
				SWIFT_DEFAULT_ACTOR_ISOLATION = MainActor;
				SWIFT_EMIT_LOC_STRINGS = YES;
				SWIFT_UPCOMING_FEATURE_MEMBER_IMPORT_VISIBILITY = YES;
				SWIFT_VERSION = 5.0;
				TARGETED_DEVICE_FAMILY = "1,2";
			};
			name = Debug;
		};
		007EFCB92F6DEC670001C47F /* Release */ = {
			isa = XCBuildConfiguration;
			baseConfigurationReference = 000F7EFB2F6EDBF50006C2E1 /* Secrets.xcconfig */;
			buildSettings = {
				ASSETCATALOG_COMPILER_APPICON_NAME = AppIcon;
				ASSETCATALOG_COMPILER_GLOBAL_ACCENT_COLOR_NAME = AccentColor;
				CODE_SIGN_ENTITLEMENTS = GenStat/GenStat.entitlements;
				CODE_SIGN_IDENTITY = "Apple Development";
				CODE_SIGN_STYLE = Automatic;
				CURRENT_PROJECT_VERSION = 1;
				DEVELOPMENT_TEAM = 4MUC8K263B;
				ENABLE_PREVIEWS = YES;
				GENERATE_INFOPLIST_FILE = YES;
				INFOPLIST_FILE = Info.plist;
				INFOPLIST_KEY_UIApplicationSceneManifest_Generation = YES;
				INFOPLIST_KEY_UIApplicationSupportsIndirectInputEvents = YES;
				INFOPLIST_KEY_UILaunchScreen_Generation = YES;
				INFOPLIST_KEY_UISupportedInterfaceOrientations_iPad = "UIInterfaceOrientationPortrait UIInterfaceOrientationPortraitUpsideDown UIInterfaceOrientationLandscapeLeft UIInterfaceOrientationLandscapeRight";
				INFOPLIST_KEY_UISupportedInterfaceOrientations_iPhone = "UIInterfaceOrientationPortrait UIInterfaceOrientationLandscapeLeft UIInterfaceOrientationLandscapeRight";
				LD_RUNPATH_SEARCH_PATHS = (
					"$(inherited)",
					"@executable_path/Frameworks",
				);
				MARKETING_VERSION = 0.1.2;
				PRODUCT_BUNDLE_IDENTIFIER = studio.offbyone.KohlerStat;
				PRODUCT_NAME = "$(TARGET_NAME)";
				PROVISIONING_PROFILE_SPECIFIER = "";
				STRING_CATALOG_GENERATE_SYMBOLS = YES;
				SWIFT_APPROACHABLE_CONCURRENCY = YES;
				SWIFT_DEFAULT_ACTOR_ISOLATION = MainActor;
				SWIFT_EMIT_LOC_STRINGS = YES;
				SWIFT_UPCOMING_FEATURE_MEMBER_IMPORT_VISIBILITY = YES;
				SWIFT_VERSION = 5.0;
				TARGETED_DEVICE_FAMILY = "1,2";
			};
			name = Release;
		};
		00E055662F70B20100A0FDEE /* Debug */ = {
			isa = XCBuildConfiguration;
			baseConfigurationReference = 000F7EFB2F6EDBF50006C2E1 /* Secrets.xcconfig */;
			buildSettings = {
				ASSETCATALOG_COMPILER_GLOBAL_ACCENT_COLOR_NAME = AccentColor;
				ASSETCATALOG_COMPILER_WIDGET_BACKGROUND_COLOR_NAME = WidgetBackground;
				CODE_SIGN_IDENTITY = "Apple Development";
				CODE_SIGN_STYLE = Automatic;
				CURRENT_PROJECT_VERSION = 1;
				DEVELOPMENT_TEAM = 4MUC8K263B;
				GENERATE_INFOPLIST_FILE = YES;
				INFOPLIST_FILE = "Gen​Stat​Widget/Info.plist";
				INFOPLIST_KEY_CFBundleDisplayName = "Gen​Stat​Widget";
				INFOPLIST_KEY_NSHumanReadableCopyright = "";
				LD_RUNPATH_SEARCH_PATHS = (
					"$(inherited)",
					"@executable_path/Frameworks",
					"@executable_path/../../Frameworks",
				);
				MARKETING_VERSION = 0.1.2;
				PRODUCT_BUNDLE_IDENTIFIER = "studio.offbyone.KohlerStat.Gen-Stat-Widget";
				PRODUCT_NAME = "$(TARGET_NAME)";
				SKIP_INSTALL = YES;
				STRING_CATALOG_GENERATE_SYMBOLS = YES;
				SWIFT_APPROACHABLE_CONCURRENCY = YES;
				SWIFT_EMIT_LOC_STRINGS = YES;
				SWIFT_UPCOMING_FEATURE_MEMBER_IMPORT_VISIBILITY = YES;
				SWIFT_VERSION = 5.0;
				TARGETED_DEVICE_FAMILY = "1,2";
			};
			name = Debug;
		};
		00E055672F70B20100A0FDEE /* Release */ = {
			isa = XCBuildConfiguration;
			baseConfigurationReference = 000F7EFB2F6EDBF50006C2E1 /* Secrets.xcconfig */;
			buildSettings = {
				ASSETCATALOG_COMPILER_GLOBAL_ACCENT_COLOR_NAME = AccentColor;
				ASSETCATALOG_COMPILER_WIDGET_BACKGROUND_COLOR_NAME = WidgetBackground;
				CODE_SIGN_IDENTITY = "Apple Development";
				CODE_SIGN_STYLE = Automatic;
				CURRENT_PROJECT_VERSION = 1;
				DEVELOPMENT_TEAM = 4MUC8K263B;
				GENERATE_INFOPLIST_FILE = YES;
				INFOPLIST_FILE = "Gen​Stat​Widget/Info.plist";
				INFOPLIST_KEY_CFBundleDisplayName = "Gen​Stat​Widget";
				INFOPLIST_KEY_NSHumanReadableCopyright = "";
				LD_RUNPATH_SEARCH_PATHS = (
					"$(inherited)",
					"@executable_path/Frameworks",
					"@executable_path/../../Frameworks",
				);
				MARKETING_VERSION = 0.1.2;
				PRODUCT_BUNDLE_IDENTIFIER = "studio.offbyone.KohlerStat.Gen-Stat-Widget";
				PRODUCT_NAME = "$(TARGET_NAME)";
				SKIP_INSTALL = YES;
				STRING_CATALOG_GENERATE_SYMBOLS = YES;
				SWIFT_APPROACHABLE_CONCURRENCY = YES;
				SWIFT_EMIT_LOC_STRINGS = YES;
				SWIFT_UPCOMING_FEATURE_MEMBER_IMPORT_VISIBILITY = YES;
				SWIFT_VERSION = 5.0;
				TARGETED_DEVICE_FAMILY = "1,2";
			};
			name = Release;
		};
/* End XCBuildConfiguration section */

/* Begin XCConfigurationList section */
		0011CAFB2F6EFB760043D99A /* Build configuration list for PBXNativeTarget "GenStatTests" */ = {
			isa = XCConfigurationList;
			buildConfigurations = (
				0011CAFC2F6EFB760043D99A /* Debug */,
				0011CAFD2F6EFB760043D99A /* Release */,
			);
			defaultConfigurationIsVisible = 0;
			defaultConfigurationName = Release;
		};
		007EFCA72F6DEC640001C47F /* Build configuration list for PBXProject "GenStat" */ = {
			isa = XCConfigurationList;
			buildConfigurations = (
				007EFCB52F6DEC670001C47F /* Debug */,
				007EFCB62F6DEC670001C47F /* Release */,
			);
			defaultConfigurationIsVisible = 0;
			defaultConfigurationName = Release;
		};
		007EFCB72F6DEC670001C47F /* Build configuration list for PBXNativeTarget "GenStat" */ = {
			isa = XCConfigurationList;
			buildConfigurations = (
				007EFCB82F6DEC670001C47F /* Debug */,
				007EFCB92F6DEC670001C47F /* Release */,
			);
			defaultConfigurationIsVisible = 0;
			defaultConfigurationName = Release;
		};
		00E055692F70B20100A0FDEE /* Build configuration list for PBXNativeTarget "Gen​Stat​WidgetExtension" */ = {
			isa = XCConfigurationList;
			buildConfigurations = (
				00E055662F70B20100A0FDEE /* Debug */,
				00E055672F70B20100A0FDEE /* Release */,
			);
			defaultConfigurationIsVisible = 0;
			defaultConfigurationName = Release;
		};
/* End XCConfigurationList section */
	};
	rootObject = 007EFCA42F6DEC640001C47F /* Project object */;
}
